
Microsoft Visual Studio Solution File, Format Version 12.00
# Visual Studio 14
VisualStudioVersion = 14.0.25420.1
MinimumVisualStudioVersion = 10.0.40219.1
Project("{2150E333-8FDC-42A3-9474-1A3956D46DE8}") = "src", "src", "{FD51794E-1EEA-4FBC-91DC-77F52A5CE277}"
EndProject
Project("{2150E333-8FDC-42A3-9474-1A3956D46DE8}") = "Solution Items", "Solution Items", "{90C0E6C7-E73B-47F7-89F5-C8E9BE117FD3}"
	ProjectSection(SolutionItems) = preProject
		global.json = global.json
	EndProjectSection
EndProject
Project("{8BB2217D-0F2D-49D1-97BC-3654ED321F3B}") = "AOC1", "src\AOC1\AOC1.xproj", "{BDCBD65B-C0F1-4B5D-ADB3-24A7E605A99A}"
EndProject
Global
	GlobalSection(SolutionConfigurationPlatforms) = preSolution
		Debug|Any CPU = Debug|Any CPU
		Release|Any CPU = Release|Any CPU
	EndGlobalSection
	GlobalSection(ProjectConfigurationPlatforms) = postSolution
		{BDCBD65B-C0F1-4B5D-ADB3-24A7E605A99A}.Debug|Any CPU.ActiveCfg = Debug|Any CPU
		{BDCBD65B-C0F1-4B5D-ADB3-24A7E605A99A}.Debug|Any CPU.Build.0 = Debug|Any CPU
		{BDCBD65B-C0F1-4B5D-ADB3-24A7E605A99A}.Release|Any CPU.ActiveCfg = Release|Any CPU
		{BDCBD65B-C0F1-4B5D-ADB3-24A7E605A99A}.Release|Any CPU.Build.0 = Release|Any CPU
	EndGlobalSection
	GlobalSection(SolutionProperties) = preSolution
		HideSolutionNode = FALSE
	EndGlobalSection
	GlobalSection(NestedProjects) = preSolution
		{BDCBD65B-C0F1-4B5D-ADB3-24A7E605A99A} = {FD51794E-1EEA-4FBC-91DC-77F52A5CE277}
	EndGlobalSection
EndGlobal
